
Microsoft Visual Studio Solution File, Format Version 12.00
# Visual Studio Version 17
VisualStudioVersion = 17.11.35327.3
MinimumVisualStudioVersion = 10.0.40219.1
Project("{FAE04EC0-301F-11D3-BF4B-00C04F79EFBC}") = "tonkIDE", "tonkIDE\tonkIDE.csproj", "{3F5BBB8D-186D-438B-8F73-E72013CB19A0}"
EndProject
Global
	GlobalSection(SolutionConfigurationPlatforms) = preSolution
		Debug|Any CPU = Debug|Any CPU
		Release|Any CPU = Release|Any CPU
	EndGlobalSection
	GlobalSection(ProjectConfigurationPlatforms) = postSolution
		{3F5BBB8D-186D-438B-8F73-E72013CB19A0}.Debug|Any CPU.ActiveCfg = Debug|Any CPU
		{3F5BBB8D-186D-438B-8F73-E72013CB19A0}.Debug|Any CPU.Build.0 = Debug|Any CPU
		{3F5BBB8D-186D-438B-8F73-E72013CB19A0}.Release|Any CPU.ActiveCfg = Release|Any CPU
		{3F5BBB8D-186D-438B-8F73-E72013CB19A0}.Release|Any CPU.Build.0 = Release|Any CPU
	EndGlobalSection
	GlobalSection(SolutionProperties) = preSolution
		HideSolutionNode = FALSE
	EndGlobalSection
	GlobalSection(ExtensibilityGlobals) = postSolution
		SolutionGuid = {50B7C7C6-5808-472E-B607-FCE95B3B5DC6}
	EndGlobalSection
EndGlobal
